
Microsoft Visual Studio Solution File, Format Version 12.00
# Visual Studio 2013
VisualStudioVersion = 12.0.21005.1
MinimumVisualStudioVersion = 10.0.40219.1
Project("{FAE04EC0-301F-11D3-BF4B-00C04F79EFBC}") = "Core", "Selenium\Core\Core.csproj", "{69F4FF0E-13DE-4AF6-B8AF-572A36239083}"
EndProject
Project("{FAE04EC0-301F-11D3-BF4B-00C04F79EFBC}") = "FOOS", "FOOS\FOOS.csproj", "{892A50DC-6FF2-4410-A39C-97FD2E46FACD}"
EndProject
Project("{FAE04EC0-301F-11D3-BF4B-00C04F79EFBC}") = "ReportLibrary", "ReportLibrary\ReportLibrary.csproj", "{B0BFFE7E-355B-4B4C-82BC-8F2558FC8D19}"
EndProject
Project("{FAE04EC0-301F-11D3-BF4B-00C04F79EFBC}") = "DataExchange", "DataExchange\DataExchange.csproj", "{A65000A7-312C-4148-A81C-C30828CA43D1}"
EndProject
Project("{FAE04EC0-301F-11D3-BF4B-00C04F79EFBC}") = "Weblink", "WebLink\Weblink.csproj", "{8C69F182-A8D0-4D53-81C5-4022A425F21F}"
EndProject
Project("{FAE04EC0-301F-11D3-BF4B-00C04F79EFBC}") = "Portal", "Portal\Portal.csproj", "{4877B149-BB72-4E35-B960-4B12862D7A2F}"
EndProject
Project("{FAE04EC0-301F-11D3-BF4B-00C04F79EFBC}") = "infellowship", "InFellowship\infellowship.csproj", "{50DC74D5-8E1F-40C4-B37F-DEFBBFA6DA95}"
EndProject
Project("{FAE04EC0-301F-11D3-BF4B-00C04F79EFBC}") = "API", "API\API.csproj", "{82F2C265-CB7D-427D-B474-C60B48E33582}"
	ProjectSection(ProjectDependencies) = postProject
		{B2EA4E55-179E-428B-AFE7-D6E36B78E090} = {B2EA4E55-179E-428B-AFE7-D6E36B78E090}
	EndProjectSection
EndProject
Project("{FAE04EC0-301F-11D3-BF4B-00C04F79EFBC}") = "Common", "Common\Common.csproj", "{31341126-378C-4CAC-B8A4-045FFB2CB1B2}"
EndProject
Project("{FAE04EC0-301F-11D3-BF4B-00C04F79EFBC}") = "AdhocReporting", "AdhocReporting\AdhocReporting.csproj", "{E6B5FBEF-3D6B-4DCE-AE45-54ABFA9FE15F}"
EndProject
Project("{2150E333-8FDC-42A3-9474-1A3956D46DE8}") = "Solution Items", "Solution Items", "{905691C8-FE4D-4BA3-9137-70E90CB217B4}"
	ProjectSection(SolutionItems) = preProject
		SharedAssemblyInfo.cs = SharedAssemblyInfo.cs
	EndProjectSection
EndProject
Project("{FAE04EC0-301F-11D3-BF4B-00C04F79EFBC}") = "CheckInTeacherClient", "CheckInTeacherClient\CheckInTeacherClient.csproj", "{3AD9B5AE-FE49-45CC-A93F-3FFFA492AF87}"
EndProject
Project("{FAE04EC0-301F-11D3-BF4B-00C04F79EFBC}") = "DashboardClient", "DashboardClient\DashboardClient.csproj", "{AB87466D-4D8D-41C3-B504-769D7BA2A2E1}"
EndProject
Project("{2150E333-8FDC-42A3-9474-1A3956D46DE8}") = ".nuget", ".nuget", "{375D0836-322E-4892-AFDE-889B0DBE5FCF}"
	ProjectSection(SolutionItems) = preProject
		.nuget\NuGet.Config = .nuget\NuGet.Config
		.nuget\NuGet.exe = .nuget\NuGet.exe
		.nuget\NuGet.targets = .nuget\NuGet.targets
	EndProjectSection
EndProject
Project("{FAE04EC0-301F-11D3-BF4B-00C04F79EFBC}") = "APICore", "f1-sdk-dotnet\FellowshipOne.Api\APICore.csproj", "{B2EA4E55-179E-428B-AFE7-D6E36B78E090}"
EndProject
Project("{FAE04EC0-301F-11D3-BF4B-00C04F79EFBC}") = "SelfCheckInClient", "SelfCheckInClient\SelfCheckInClient.csproj", "{46AE73F2-F347-4377-BCCC-933EAD74B048}"
EndProject
Project("{FAE04EC0-301F-11D3-BF4B-00C04F79EFBC}") = "Launchpad", "Launchpad\Launchpad.csproj", "{190DAF77-FAB1-43A2-8A1E-00090FE13E9B}"
EndProject
Global
	GlobalSection(SolutionConfigurationPlatforms) = preSolution
		Debug|Any CPU = Debug|Any CPU
		Debug|x86 = Debug|x86
		LOCAL|Any CPU = LOCAL|Any CPU
		LOCAL|x86 = LOCAL|x86
		Release|Any CPU = Release|Any CPU
		Release|x86 = Release|x86
	EndGlobalSection
	GlobalSection(ProjectConfigurationPlatforms) = postSolution
		{69F4FF0E-13DE-4AF6-B8AF-572A36239083}.Debug|Any CPU.ActiveCfg = Debug|Any CPU
		{69F4FF0E-13DE-4AF6-B8AF-572A36239083}.Debug|Any CPU.Build.0 = Debug|Any CPU
		{69F4FF0E-13DE-4AF6-B8AF-572A36239083}.Debug|x86.ActiveCfg = Debug|Any CPU
		{69F4FF0E-13DE-4AF6-B8AF-572A36239083}.Debug|x86.Build.0 = Debug|Any CPU
		{69F4FF0E-13DE-4AF6-B8AF-572A36239083}.LOCAL|Any CPU.ActiveCfg = Debug|Any CPU
		{69F4FF0E-13DE-4AF6-B8AF-572A36239083}.LOCAL|Any CPU.Build.0 = Debug|Any CPU
		{69F4FF0E-13DE-4AF6-B8AF-572A36239083}.LOCAL|x86.ActiveCfg = Debug|Any CPU
		{69F4FF0E-13DE-4AF6-B8AF-572A36239083}.Release|Any CPU.ActiveCfg = Debug|Any CPU
		{69F4FF0E-13DE-4AF6-B8AF-572A36239083}.Release|Any CPU.Build.0 = Debug|Any CPU
		{69F4FF0E-13DE-4AF6-B8AF-572A36239083}.Release|x86.ActiveCfg = Debug|Any CPU
		{892A50DC-6FF2-4410-A39C-97FD2E46FACD}.Debug|Any CPU.ActiveCfg = Debug|Any CPU
		{892A50DC-6FF2-4410-A39C-97FD2E46FACD}.Debug|Any CPU.Build.0 = Debug|Any CPU
		{892A50DC-6FF2-4410-A39C-97FD2E46FACD}.Debug|x86.ActiveCfg = Debug|Any CPU
		{892A50DC-6FF2-4410-A39C-97FD2E46FACD}.Debug|x86.Build.0 = Debug|Any CPU
		{892A50DC-6FF2-4410-A39C-97FD2E46FACD}.LOCAL|Any CPU.ActiveCfg = Release|Any CPU
		{892A50DC-6FF2-4410-A39C-97FD2E46FACD}.LOCAL|Any CPU.Build.0 = Release|Any CPU
		{892A50DC-6FF2-4410-A39C-97FD2E46FACD}.LOCAL|x86.ActiveCfg = Release|Any CPU
		{892A50DC-6FF2-4410-A39C-97FD2E46FACD}.Release|Any CPU.ActiveCfg = Release|Any CPU
		{892A50DC-6FF2-4410-A39C-97FD2E46FACD}.Release|Any CPU.Build.0 = Release|Any CPU
		{892A50DC-6FF2-4410-A39C-97FD2E46FACD}.Release|x86.ActiveCfg = Release|Any CPU
		{B0BFFE7E-355B-4B4C-82BC-8F2558FC8D19}.Debug|Any CPU.ActiveCfg = Debug|Any CPU
		{B0BFFE7E-355B-4B4C-82BC-8F2558FC8D19}.Debug|Any CPU.Build.0 = Debug|Any CPU
		{B0BFFE7E-355B-4B4C-82BC-8F2558FC8D19}.Debug|x86.ActiveCfg = Debug|Any CPU
		{B0BFFE7E-355B-4B4C-82BC-8F2558FC8D19}.LOCAL|Any CPU.ActiveCfg = Release|Any CPU
		{B0BFFE7E-355B-4B4C-82BC-8F2558FC8D19}.LOCAL|Any CPU.Build.0 = Release|Any CPU
		{B0BFFE7E-355B-4B4C-82BC-8F2558FC8D19}.LOCAL|x86.ActiveCfg = Release|Any CPU
		{B0BFFE7E-355B-4B4C-82BC-8F2558FC8D19}.Release|Any CPU.ActiveCfg = Release|Any CPU
		{B0BFFE7E-355B-4B4C-82BC-8F2558FC8D19}.Release|Any CPU.Build.0 = Release|Any CPU
		{B0BFFE7E-355B-4B4C-82BC-8F2558FC8D19}.Release|x86.ActiveCfg = Release|Any CPU
		{A65000A7-312C-4148-A81C-C30828CA43D1}.Debug|Any CPU.ActiveCfg = Debug|Any CPU
		{A65000A7-312C-4148-A81C-C30828CA43D1}.Debug|Any CPU.Build.0 = Debug|Any CPU
		{A65000A7-312C-4148-A81C-C30828CA43D1}.Debug|x86.ActiveCfg = Debug|Any CPU
		{A65000A7-312C-4148-A81C-C30828CA43D1}.LOCAL|Any CPU.ActiveCfg = Release|Any CPU
		{A65000A7-312C-4148-A81C-C30828CA43D1}.LOCAL|Any CPU.Build.0 = Release|Any CPU
		{A65000A7-312C-4148-A81C-C30828CA43D1}.LOCAL|x86.ActiveCfg = Release|Any CPU
		{A65000A7-312C-4148-A81C-C30828CA43D1}.Release|Any CPU.ActiveCfg = Release|Any CPU
		{A65000A7-312C-4148-A81C-C30828CA43D1}.Release|Any CPU.Build.0 = Release|Any CPU
		{A65000A7-312C-4148-A81C-C30828CA43D1}.Release|x86.ActiveCfg = Release|Any CPU
		{8C69F182-A8D0-4D53-81C5-4022A425F21F}.Debug|Any CPU.ActiveCfg = Debug|Any CPU
		{8C69F182-A8D0-4D53-81C5-4022A425F21F}.Debug|Any CPU.Build.0 = Debug|Any CPU
		{8C69F182-A8D0-4D53-81C5-4022A425F21F}.Debug|x86.ActiveCfg = Debug|Any CPU
		{8C69F182-A8D0-4D53-81C5-4022A425F21F}.LOCAL|Any CPU.ActiveCfg = Release|Any CPU
		{8C69F182-A8D0-4D53-81C5-4022A425F21F}.LOCAL|Any CPU.Build.0 = Release|Any CPU
		{8C69F182-A8D0-4D53-81C5-4022A425F21F}.LOCAL|x86.ActiveCfg = Release|Any CPU
		{8C69F182-A8D0-4D53-81C5-4022A425F21F}.Release|Any CPU.ActiveCfg = Release|Any CPU
		{8C69F182-A8D0-4D53-81C5-4022A425F21F}.Release|Any CPU.Build.0 = Release|Any CPU
		{8C69F182-A8D0-4D53-81C5-4022A425F21F}.Release|x86.ActiveCfg = Release|Any CPU
		{4877B149-BB72-4E35-B960-4B12862D7A2F}.Debug|Any CPU.ActiveCfg = Debug|Any CPU
		{4877B149-BB72-4E35-B960-4B12862D7A2F}.Debug|Any CPU.Build.0 = Debug|Any CPU
		{4877B149-BB72-4E35-B960-4B12862D7A2F}.Debug|x86.ActiveCfg = Debug|Any CPU
		{4877B149-BB72-4E35-B960-4B12862D7A2F}.LOCAL|Any CPU.ActiveCfg = Release|Any CPU
		{4877B149-BB72-4E35-B960-4B12862D7A2F}.LOCAL|Any CPU.Build.0 = Release|Any CPU
		{4877B149-BB72-4E35-B960-4B12862D7A2F}.LOCAL|x86.ActiveCfg = Release|Any CPU
		{4877B149-BB72-4E35-B960-4B12862D7A2F}.Release|Any CPU.ActiveCfg = Release|Any CPU
		{4877B149-BB72-4E35-B960-4B12862D7A2F}.Release|Any CPU.Build.0 = Release|Any CPU
		{4877B149-BB72-4E35-B960-4B12862D7A2F}.Release|x86.ActiveCfg = Release|Any CPU
		{50DC74D5-8E1F-40C4-B37F-DEFBBFA6DA95}.Debug|Any CPU.ActiveCfg = Debug|Any CPU
		{50DC74D5-8E1F-40C4-B37F-DEFBBFA6DA95}.Debug|Any CPU.Build.0 = Debug|Any CPU
		{50DC74D5-8E1F-40C4-B37F-DEFBBFA6DA95}.Debug|x86.ActiveCfg = Debug|Any CPU
		{50DC74D5-8E1F-40C4-B37F-DEFBBFA6DA95}.LOCAL|Any CPU.ActiveCfg = Release|Any CPU
		{50DC74D5-8E1F-40C4-B37F-DEFBBFA6DA95}.LOCAL|Any CPU.Build.0 = Release|Any CPU
		{50DC74D5-8E1F-40C4-B37F-DEFBBFA6DA95}.LOCAL|x86.ActiveCfg = Release|Any CPU
		{50DC74D5-8E1F-40C4-B37F-DEFBBFA6DA95}.Release|Any CPU.ActiveCfg = Release|Any CPU
		{50DC74D5-8E1F-40C4-B37F-DEFBBFA6DA95}.Release|Any CPU.Build.0 = Release|Any CPU
		{50DC74D5-8E1F-40C4-B37F-DEFBBFA6DA95}.Release|x86.ActiveCfg = Release|Any CPU
		{82F2C265-CB7D-427D-B474-C60B48E33582}.Debug|Any CPU.ActiveCfg = Debug|Any CPU
		{82F2C265-CB7D-427D-B474-C60B48E33582}.Debug|Any CPU.Build.0 = Debug|Any CPU
		{82F2C265-CB7D-427D-B474-C60B48E33582}.Debug|x86.ActiveCfg = Debug|Any CPU
		{82F2C265-CB7D-427D-B474-C60B48E33582}.LOCAL|Any CPU.ActiveCfg = Release|Any CPU
		{82F2C265-CB7D-427D-B474-C60B48E33582}.LOCAL|Any CPU.Build.0 = Release|Any CPU
		{82F2C265-CB7D-427D-B474-C60B48E33582}.LOCAL|x86.ActiveCfg = Release|Any CPU
		{82F2C265-CB7D-427D-B474-C60B48E33582}.Release|Any CPU.ActiveCfg = Release|Any CPU
		{82F2C265-CB7D-427D-B474-C60B48E33582}.Release|Any CPU.Build.0 = Release|Any CPU
		{82F2C265-CB7D-427D-B474-C60B48E33582}.Release|x86.ActiveCfg = Release|Any CPU
		{31341126-378C-4CAC-B8A4-045FFB2CB1B2}.Debug|Any CPU.ActiveCfg = Debug|Any CPU
		{31341126-378C-4CAC-B8A4-045FFB2CB1B2}.Debug|Any CPU.Build.0 = Debug|Any CPU
		{31341126-378C-4CAC-B8A4-045FFB2CB1B2}.Debug|x86.ActiveCfg = Debug|Any CPU
		{31341126-378C-4CAC-B8A4-045FFB2CB1B2}.LOCAL|Any CPU.ActiveCfg = Release|Any CPU
		{31341126-378C-4CAC-B8A4-045FFB2CB1B2}.LOCAL|Any CPU.Build.0 = Release|Any CPU
		{31341126-378C-4CAC-B8A4-045FFB2CB1B2}.LOCAL|x86.ActiveCfg = Release|Any CPU
		{31341126-378C-4CAC-B8A4-045FFB2CB1B2}.Release|Any CPU.ActiveCfg = Release|Any CPU
		{31341126-378C-4CAC-B8A4-045FFB2CB1B2}.Release|Any CPU.Build.0 = Release|Any CPU
		{31341126-378C-4CAC-B8A4-045FFB2CB1B2}.Release|x86.ActiveCfg = Release|Any CPU
		{E6B5FBEF-3D6B-4DCE-AE45-54ABFA9FE15F}.Debug|Any CPU.ActiveCfg = Debug|Any CPU
		{E6B5FBEF-3D6B-4DCE-AE45-54ABFA9FE15F}.Debug|Any CPU.Build.0 = Debug|Any CPU
		{E6B5FBEF-3D6B-4DCE-AE45-54ABFA9FE15F}.Debug|x86.ActiveCfg = Debug|Any CPU
		{E6B5FBEF-3D6B-4DCE-AE45-54ABFA9FE15F}.LOCAL|Any CPU.ActiveCfg = Release|Any CPU
		{E6B5FBEF-3D6B-4DCE-AE45-54ABFA9FE15F}.LOCAL|Any CPU.Build.0 = Release|Any CPU
		{E6B5FBEF-3D6B-4DCE-AE45-54ABFA9FE15F}.LOCAL|x86.ActiveCfg = Release|Any CPU
		{E6B5FBEF-3D6B-4DCE-AE45-54ABFA9FE15F}.Release|Any CPU.ActiveCfg = Release|Any CPU
		{E6B5FBEF-3D6B-4DCE-AE45-54ABFA9FE15F}.Release|Any CPU.Build.0 = Release|Any CPU
		{E6B5FBEF-3D6B-4DCE-AE45-54ABFA9FE15F}.Release|x86.ActiveCfg = Release|Any CPU
		{3AD9B5AE-FE49-45CC-A93F-3FFFA492AF87}.Debug|Any CPU.ActiveCfg = Debug|Any CPU
		{3AD9B5AE-FE49-45CC-A93F-3FFFA492AF87}.Debug|Any CPU.Build.0 = Debug|Any CPU
		{3AD9B5AE-FE49-45CC-A93F-3FFFA492AF87}.Debug|x86.ActiveCfg = Debug|Any CPU
		{3AD9B5AE-FE49-45CC-A93F-3FFFA492AF87}.LOCAL|Any CPU.ActiveCfg = Release|Any CPU
		{3AD9B5AE-FE49-45CC-A93F-3FFFA492AF87}.LOCAL|Any CPU.Build.0 = Release|Any CPU
		{3AD9B5AE-FE49-45CC-A93F-3FFFA492AF87}.LOCAL|x86.ActiveCfg = Release|Any CPU
		{3AD9B5AE-FE49-45CC-A93F-3FFFA492AF87}.Release|Any CPU.ActiveCfg = Release|Any CPU
		{3AD9B5AE-FE49-45CC-A93F-3FFFA492AF87}.Release|Any CPU.Build.0 = Release|Any CPU
		{3AD9B5AE-FE49-45CC-A93F-3FFFA492AF87}.Release|x86.ActiveCfg = Release|Any CPU
		{AB87466D-4D8D-41C3-B504-769D7BA2A2E1}.Debug|Any CPU.ActiveCfg = Debug|Any CPU
		{AB87466D-4D8D-41C3-B504-769D7BA2A2E1}.Debug|Any CPU.Build.0 = Debug|Any CPU
		{AB87466D-4D8D-41C3-B504-769D7BA2A2E1}.Debug|x86.ActiveCfg = Debug|Any CPU
		{AB87466D-4D8D-41C3-B504-769D7BA2A2E1}.LOCAL|Any CPU.ActiveCfg = Release|Any CPU
		{AB87466D-4D8D-41C3-B504-769D7BA2A2E1}.LOCAL|Any CPU.Build.0 = Release|Any CPU
		{AB87466D-4D8D-41C3-B504-769D7BA2A2E1}.LOCAL|x86.ActiveCfg = Release|Any CPU
		{AB87466D-4D8D-41C3-B504-769D7BA2A2E1}.Release|Any CPU.ActiveCfg = Release|Any CPU
		{AB87466D-4D8D-41C3-B504-769D7BA2A2E1}.Release|Any CPU.Build.0 = Release|Any CPU
		{AB87466D-4D8D-41C3-B504-769D7BA2A2E1}.Release|x86.ActiveCfg = Release|Any CPU
		{B2EA4E55-179E-428B-AFE7-D6E36B78E090}.Debug|Any CPU.ActiveCfg = Debug|Any CPU
		{B2EA4E55-179E-428B-AFE7-D6E36B78E090}.Debug|Any CPU.Build.0 = Debug|Any CPU
		{B2EA4E55-179E-428B-AFE7-D6E36B78E090}.Debug|x86.ActiveCfg = Debug|Any CPU
		{B2EA4E55-179E-428B-AFE7-D6E36B78E090}.LOCAL|Any CPU.ActiveCfg = Release|Any CPU
		{B2EA4E55-179E-428B-AFE7-D6E36B78E090}.LOCAL|Any CPU.Build.0 = Release|Any CPU
		{B2EA4E55-179E-428B-AFE7-D6E36B78E090}.LOCAL|x86.ActiveCfg = Release|Any CPU
		{B2EA4E55-179E-428B-AFE7-D6E36B78E090}.Release|Any CPU.ActiveCfg = Release|Any CPU
		{B2EA4E55-179E-428B-AFE7-D6E36B78E090}.Release|Any CPU.Build.0 = Release|Any CPU
		{B2EA4E55-179E-428B-AFE7-D6E36B78E090}.Release|x86.ActiveCfg = Release|Any CPU
		{46AE73F2-F347-4377-BCCC-933EAD74B048}.Debug|Any CPU.ActiveCfg = Debug|Any CPU
		{46AE73F2-F347-4377-BCCC-933EAD74B048}.Debug|Any CPU.Build.0 = Debug|Any CPU
		{46AE73F2-F347-4377-BCCC-933EAD74B048}.Debug|x86.ActiveCfg = Debug|Any CPU
		{46AE73F2-F347-4377-BCCC-933EAD74B048}.LOCAL|Any CPU.ActiveCfg = Release|Any CPU
		{46AE73F2-F347-4377-BCCC-933EAD74B048}.LOCAL|Any CPU.Build.0 = Release|Any CPU
		{46AE73F2-F347-4377-BCCC-933EAD74B048}.LOCAL|x86.ActiveCfg = Release|Any CPU
		{46AE73F2-F347-4377-BCCC-933EAD74B048}.Release|Any CPU.ActiveCfg = Release|Any CPU
		{46AE73F2-F347-4377-BCCC-933EAD74B048}.Release|Any CPU.Build.0 = Release|Any CPU
		{46AE73F2-F347-4377-BCCC-933EAD74B048}.Release|x86.ActiveCfg = Release|Any CPU
		{190DAF77-FAB1-43A2-8A1E-00090FE13E9B}.Debug|Any CPU.ActiveCfg = Debug|Any CPU
		{190DAF77-FAB1-43A2-8A1E-00090FE13E9B}.Debug|Any CPU.Build.0 = Debug|Any CPU
		{190DAF77-FAB1-43A2-8A1E-00090FE13E9B}.Debug|x86.ActiveCfg = Debug|Any CPU
		{190DAF77-FAB1-43A2-8A1E-00090FE13E9B}.LOCAL|Any CPU.ActiveCfg = Release|Any CPU
		{190DAF77-FAB1-43A2-8A1E-00090FE13E9B}.LOCAL|Any CPU.Build.0 = Release|Any CPU
		{190DAF77-FAB1-43A2-8A1E-00090FE13E9B}.LOCAL|x86.ActiveCfg = Release|Any CPU
		{190DAF77-FAB1-43A2-8A1E-00090FE13E9B}.Release|Any CPU.ActiveCfg = Release|Any CPU
		{190DAF77-FAB1-43A2-8A1E-00090FE13E9B}.Release|Any CPU.Build.0 = Release|Any CPU
		{190DAF77-FAB1-43A2-8A1E-00090FE13E9B}.Release|x86.ActiveCfg = Release|Any CPU
	EndGlobalSection
	GlobalSection(SolutionProperties) = preSolution
		HideSolutionNode = FALSE
	EndGlobalSection
EndGlobal
